
Microsoft Visual Studio Solution File, Format Version 12.00
# Visual Studio Version 16
VisualStudioVersion = 16.0.31702.278
MinimumVisualStudioVersion = 10.0.40219.1
Project("{FAE04EC0-301F-11D3-BF4B-00C04F79EFBC}") = "StudentManagementProj", "StudentManagementProj\StudentManagementProj.csproj", "{58C3DBFE-431F-4BBB-86BD-A71C3F50A51D}"
EndProject
Global
	GlobalSection(SolutionConfigurationPlatforms) = preSolution
		Debug|Any CPU = Debug|Any CPU
		Release|Any CPU = Release|Any CPU
	EndGlobalSection
	GlobalSection(ProjectConfigurationPlatforms) = postSolution
		{58C3DBFE-431F-4BBB-86BD-A71C3F50A51D}.Debug|Any CPU.ActiveCfg = Debug|Any CPU
		{58C3DBFE-431F-4BBB-86BD-A71C3F50A51D}.Debug|Any CPU.Build.0 = Debug|Any CPU
		{58C3DBFE-431F-4BBB-86BD-A71C3F50A51D}.Release|Any CPU.ActiveCfg = Release|Any CPU
		{58C3DBFE-431F-4BBB-86BD-A71C3F50A51D}.Release|Any CPU.Build.0 = Release|Any CPU
	EndGlobalSection
	GlobalSection(SolutionProperties) = preSolution
		HideSolutionNode = FALSE
	EndGlobalSection
	GlobalSection(ExtensibilityGlobals) = postSolution
		SolutionGuid = {AC960F53-48FB-4137-AA33-409758A38BA9}
	EndGlobalSection
EndGlobal
